
Microsoft Visual Studio Solution File, Format Version 12.00
# Visual Studio Version 17
VisualStudioVersion = 17.6.33723.286
MinimumVisualStudioVersion = 10.0.40219.1
Project("{FAE04EC0-301F-11D3-BF4B-00C04F79EFBC}") = "P1.AdvertisementMessage", "P1.AdvertisementMessage\P1.AdvertisementMessage.csproj", "{1BC7004A-71FD-4C8A-BD95-FE95143A77DA}"
EndProject
Project("{FAE04EC0-301F-11D3-BF4B-00C04F79EFBC}") = "P2.Articles", "P2.Articles\P2.Articles.csproj", "{A3537E88-05BF-4885-8BF7-42D058D9FB64}"
EndProject
Project("{FAE04EC0-301F-11D3-BF4B-00C04F79EFBC}") = "P3.Articles 2.0", "P3.Articles 2.0\P3.Articles 2.0.csproj", "{C97E6E9F-6781-42D5-9AA2-6EB18218F911}"
EndProject
Project("{FAE04EC0-301F-11D3-BF4B-00C04F79EFBC}") = "P4.Students", "P4.Students\P4.Students.csproj", "{DADE12DE-4183-4C09-8764-C362909B2631}"
EndProject
Project("{FAE04EC0-301F-11D3-BF4B-00C04F79EFBC}") = "P5.TeamworkProjects", "P5.TeamworkProjects\P5.TeamworkProjects.csproj", "{B021A4E6-DAB8-4898-AF69-6C681913AA66}"
EndProject
Global
	GlobalSection(SolutionConfigurationPlatforms) = preSolution
		Debug|Any CPU = Debug|Any CPU
		Release|Any CPU = Release|Any CPU
	EndGlobalSection
	GlobalSection(ProjectConfigurationPlatforms) = postSolution
		{1BC7004A-71FD-4C8A-BD95-FE95143A77DA}.Debug|Any CPU.ActiveCfg = Debug|Any CPU
		{1BC7004A-71FD-4C8A-BD95-FE95143A77DA}.Debug|Any CPU.Build.0 = Debug|Any CPU
		{1BC7004A-71FD-4C8A-BD95-FE95143A77DA}.Release|Any CPU.ActiveCfg = Release|Any CPU
		{1BC7004A-71FD-4C8A-BD95-FE95143A77DA}.Release|Any CPU.Build.0 = Release|Any CPU
		{A3537E88-05BF-4885-8BF7-42D058D9FB64}.Debug|Any CPU.ActiveCfg = Debug|Any CPU
		{A3537E88-05BF-4885-8BF7-42D058D9FB64}.Debug|Any CPU.Build.0 = Debug|Any CPU
		{A3537E88-05BF-4885-8BF7-42D058D9FB64}.Release|Any CPU.ActiveCfg = Release|Any CPU
		{A3537E88-05BF-4885-8BF7-42D058D9FB64}.Release|Any CPU.Build.0 = Release|Any CPU
		{C97E6E9F-6781-42D5-9AA2-6EB18218F911}.Debug|Any CPU.ActiveCfg = Debug|Any CPU
		{C97E6E9F-6781-42D5-9AA2-6EB18218F911}.Debug|Any CPU.Build.0 = Debug|Any CPU
		{C97E6E9F-6781-42D5-9AA2-6EB18218F911}.Release|Any CPU.ActiveCfg = Release|Any CPU
		{C97E6E9F-6781-42D5-9AA2-6EB18218F911}.Release|Any CPU.Build.0 = Release|Any CPU
		{DADE12DE-4183-4C09-8764-C362909B2631}.Debug|Any CPU.ActiveCfg = Debug|Any CPU
		{DADE12DE-4183-4C09-8764-C362909B2631}.Debug|Any CPU.Build.0 = Debug|Any CPU
		{DADE12DE-4183-4C09-8764-C362909B2631}.Release|Any CPU.ActiveCfg = Release|Any CPU
		{DADE12DE-4183-4C09-8764-C362909B2631}.Release|Any CPU.Build.0 = Release|Any CPU
		{B021A4E6-DAB8-4898-AF69-6C681913AA66}.Debug|Any CPU.ActiveCfg = Debug|Any CPU
		{B021A4E6-DAB8-4898-AF69-6C681913AA66}.Debug|Any CPU.Build.0 = Debug|Any CPU
		{B021A4E6-DAB8-4898-AF69-6C681913AA66}.Release|Any CPU.ActiveCfg = Release|Any CPU
		{B021A4E6-DAB8-4898-AF69-6C681913AA66}.Release|Any CPU.Build.0 = Release|Any CPU
	EndGlobalSection
	GlobalSection(SolutionProperties) = preSolution
		HideSolutionNode = FALSE
	EndGlobalSection
	GlobalSection(ExtensibilityGlobals) = postSolution
		SolutionGuid = {3388070D-E0B5-4907-A07F-D811A17A7864}
	EndGlobalSection
EndGlobal
